# THIS IS AN AUTOGENERATED FILE. DO NOT EDIT THIS FILE DIRECTLY.
# yarn lockfile v1


"@types/vscode-notebook-renderer@^1.72.3":
  version "1.72.3"
  resolved "https://registry.yarnpkg.com/@types/vscode-notebook-renderer/-/vscode-notebook-renderer-1.72.3.tgz#013380d8ddfb9a5dc4b831ff025721afa0fd308b"
  integrity sha512-MfmEI3A2McbUV2WaijoTgLOAs9chwHN4WmqOedl3jdtlbzJBWIQ9ZFmQdzPa3lYr5j8DJhRg3KB5AIM/BBfg9Q==
